<?xml version="1.0" encoding="UTF-8"?>
<Scheme
   version = "1.3">
   <BuildAction>
      <BuildActionEntries>
         <BuildActionEntry
            buildForRunning = "YES">
            <BuildableReference
               BuildableIdentifier = "primary"
               BlueprintIdentifier = "5AD09811200B724400D8D19F"
               BuildableName = "Markdown Viewer.app"
               BlueprintName = "Markdown Viewer"
               ReferencedContainer = "container:Markdown Viewer.xcodeproj">
            </BuildableReference>
         </BuildActionEntry>
      </BuildActionEntries>
   </BuildAction>
   <LaunchAction
      useCustomWorkingDirectory = "NO"
      buildConfiguration = "Debug">
      <BuildableProductRunnable>
         <BuildableReference
            BuildableIdentifier = "primary"
            BlueprintIdentifier = "5AD09811200B724400D8D19F"
            BuildableName = "Markdown Viewer.app"
            BlueprintName = "Markdown Viewer"
            ReferencedContainer = "container:Markdown Viewer.xcodeproj">
         </BuildableReference>
      </BuildableProductRunnable>
   </LaunchAction>
</Scheme>
